
Microsoft Visual Studio Solution File, Format Version 12.00
# Visual Studio Version 17
VisualStudioVersion = 17.3.32929.385
MinimumVisualStudioVersion = 10.0.40219.1
Project("{FAE04EC0-301F-11D3-BF4B-00C04F79EFBC}") = "testmp3_1", "testmp3_1\testmp3_1.csproj", "{3122BEC5-43B1-46F2-9E40-AC12D33F4826}"
EndProject
Global
	GlobalSection(SolutionConfigurationPlatforms) = preSolution
		Debug|Any CPU = Debug|Any CPU
		Release|Any CPU = Release|Any CPU
	EndGlobalSection
	GlobalSection(ProjectConfigurationPlatforms) = postSolution
		{3122BEC5-43B1-46F2-9E40-AC12D33F4826}.Debug|Any CPU.ActiveCfg = Debug|Any CPU
		{3122BEC5-43B1-46F2-9E40-AC12D33F4826}.Debug|Any CPU.Build.0 = Debug|Any CPU
		{3122BEC5-43B1-46F2-9E40-AC12D33F4826}.Release|Any CPU.ActiveCfg = Release|Any CPU
		{3122BEC5-43B1-46F2-9E40-AC12D33F4826}.Release|Any CPU.Build.0 = Release|Any CPU
	EndGlobalSection
	GlobalSection(SolutionProperties) = preSolution
		HideSolutionNode = FALSE
	EndGlobalSection
	GlobalSection(ExtensibilityGlobals) = postSolution
		SolutionGuid = {F857F2CF-3150-43DD-9072-E3BE6D386087}
	EndGlobalSection
EndGlobal
